
Microsoft Visual Studio Solution File, Format Version 12.00
# Visual Studio 15
Project("{FAE04EC0-301F-11D3-BF4B-00C04F79EFBC}") = "Assembly-CSharp", "Assembly-CSharp.csproj", "{1BFC1444-8E74-5128-2259-CEE413360EA4}"
EndProject
Project("{FAE04EC0-301F-11D3-BF4B-00C04F79EFBC}") = "DOTween.Modules", "DOTween.Modules.csproj", "{2647D82D-A24D-78FF-0845-00C8CF8F71D1}"
EndProject
Global
	GlobalSection(SolutionConfigurationPlatforms) = preSolution
		Debug|Any CPU = Debug|Any CPU
		Release|Any CPU = Release|Any CPU
	EndGlobalSection
	GlobalSection(ProjectConfigurationPlatforms) = postSolution
		{1BFC1444-8E74-5128-2259-CEE413360EA4}.Debug|Any CPU.ActiveCfg = Debug|Any CPU
		{1BFC1444-8E74-5128-2259-CEE413360EA4}.Debug|Any CPU.Build.0 = Debug|Any CPU
		{1BFC1444-8E74-5128-2259-CEE413360EA4}.Release|Any CPU.ActiveCfg = Release|Any CPU
		{1BFC1444-8E74-5128-2259-CEE413360EA4}.Release|Any CPU.Build.0 = Release|Any CPU
		{2647D82D-A24D-78FF-0845-00C8CF8F71D1}.Debug|Any CPU.ActiveCfg = Debug|Any CPU
		{2647D82D-A24D-78FF-0845-00C8CF8F71D1}.Debug|Any CPU.Build.0 = Debug|Any CPU
		{2647D82D-A24D-78FF-0845-00C8CF8F71D1}.Release|Any CPU.ActiveCfg = Release|Any CPU
		{2647D82D-A24D-78FF-0845-00C8CF8F71D1}.Release|Any CPU.Build.0 = Release|Any CPU
	EndGlobalSection
	GlobalSection(SolutionProperties) = preSolution
		HideSolutionNode = FALSE
	EndGlobalSection
EndGlobal
